
Microsoft Visual Studio Solution File, Format Version 12.00
# Visual Studio Version 16
VisualStudioVersion = 16.0.30804.86
MinimumVisualStudioVersion = 10.0.40219.1
Project("{9A19103F-16F7-4668-BE54-9A1E7A4F7556}") = "ExamRecording.DataAccess", "ExamRecording.DataAccess\ExamRecording.DataAccess.csproj", "{07EB7B5D-137E-4D30-A3F6-19E89F165300}"
EndProject
Project("{FAE04EC0-301F-11D3-BF4B-00C04F79EFBC}") = "ExamRecording.Web", "ExamRecordingApp.Web\ExamRecording.Web.csproj", "{3622A331-3F2A-4BDA-9E6A-A40A4F85BA28}"
EndProject
Project("{FAE04EC0-301F-11D3-BF4B-00C04F79EFBC}") = "ExamRecording.Services", "ExamRecordingApp.Services\ExamRecording.Services.csproj", "{041ACBE7-9FEE-45F4-B07E-34EA208874E3}"
EndProject
Project("{FAE04EC0-301F-11D3-BF4B-00C04F79EFBC}") = "Models", "Models\Models.csproj", "{BCEF6D01-B366-4C84-85DA-80A3B4D94ED4}"
EndProject
Global
	GlobalSection(SolutionConfigurationPlatforms) = preSolution
		Debug|Any CPU = Debug|Any CPU
		Release|Any CPU = Release|Any CPU
	EndGlobalSection
	GlobalSection(ProjectConfigurationPlatforms) = postSolution
		{07EB7B5D-137E-4D30-A3F6-19E89F165300}.Debug|Any CPU.ActiveCfg = Debug|Any CPU
		{07EB7B5D-137E-4D30-A3F6-19E89F165300}.Debug|Any CPU.Build.0 = Debug|Any CPU
		{07EB7B5D-137E-4D30-A3F6-19E89F165300}.Release|Any CPU.ActiveCfg = Release|Any CPU
		{07EB7B5D-137E-4D30-A3F6-19E89F165300}.Release|Any CPU.Build.0 = Release|Any CPU
		{3622A331-3F2A-4BDA-9E6A-A40A4F85BA28}.Debug|Any CPU.ActiveCfg = Debug|Any CPU
		{3622A331-3F2A-4BDA-9E6A-A40A4F85BA28}.Debug|Any CPU.Build.0 = Debug|Any CPU
		{3622A331-3F2A-4BDA-9E6A-A40A4F85BA28}.Release|Any CPU.ActiveCfg = Release|Any CPU
		{3622A331-3F2A-4BDA-9E6A-A40A4F85BA28}.Release|Any CPU.Build.0 = Release|Any CPU
		{041ACBE7-9FEE-45F4-B07E-34EA208874E3}.Debug|Any CPU.ActiveCfg = Debug|Any CPU
		{041ACBE7-9FEE-45F4-B07E-34EA208874E3}.Debug|Any CPU.Build.0 = Debug|Any CPU
		{041ACBE7-9FEE-45F4-B07E-34EA208874E3}.Release|Any CPU.ActiveCfg = Release|Any CPU
		{041ACBE7-9FEE-45F4-B07E-34EA208874E3}.Release|Any CPU.Build.0 = Release|Any CPU
		{BCEF6D01-B366-4C84-85DA-80A3B4D94ED4}.Debug|Any CPU.ActiveCfg = Debug|Any CPU
		{BCEF6D01-B366-4C84-85DA-80A3B4D94ED4}.Debug|Any CPU.Build.0 = Debug|Any CPU
		{BCEF6D01-B366-4C84-85DA-80A3B4D94ED4}.Release|Any CPU.ActiveCfg = Release|Any CPU
		{BCEF6D01-B366-4C84-85DA-80A3B4D94ED4}.Release|Any CPU.Build.0 = Release|Any CPU
	EndGlobalSection
	GlobalSection(SolutionProperties) = preSolution
		HideSolutionNode = FALSE
	EndGlobalSection
	GlobalSection(ExtensibilityGlobals) = postSolution
		SolutionGuid = {ECE3E434-0C75-4933-A02A-82DE02B371CF}
	EndGlobalSection
EndGlobal
